
Microsoft Visual Studio Solution File, Format Version 12.00
# Visual Studio 15
VisualStudioVersion = 15.0.28010.2019
MinimumVisualStudioVersion = 10.0.40219.1
Project("{FAE04EC0-301F-11D3-BF4B-00C04F79EFBC}") = "ConsoleApp1", "ConsoleApp1\ConsoleApp1.csproj", "{ABD1A874-B22A-489E-8ED5-BE63EA4F4A78}"
EndProject
Global
	GlobalSection(SolutionConfigurationPlatforms) = preSolution
		Debug|Any CPU = Debug|Any CPU
		Release|Any CPU = Release|Any CPU
	EndGlobalSection
	GlobalSection(ProjectConfigurationPlatforms) = postSolution
		{ABD1A874-B22A-489E-8ED5-BE63EA4F4A78}.Debug|Any CPU.ActiveCfg = Debug|Any CPU
		{ABD1A874-B22A-489E-8ED5-BE63EA4F4A78}.Debug|Any CPU.Build.0 = Debug|Any CPU
		{ABD1A874-B22A-489E-8ED5-BE63EA4F4A78}.Release|Any CPU.ActiveCfg = Release|Any CPU
		{ABD1A874-B22A-489E-8ED5-BE63EA4F4A78}.Release|Any CPU.Build.0 = Release|Any CPU
	EndGlobalSection
	GlobalSection(SolutionProperties) = preSolution
		HideSolutionNode = FALSE
	EndGlobalSection
	GlobalSection(ExtensibilityGlobals) = postSolution
		SolutionGuid = {AB42237A-BE48-4935-8B53-46164BB25CCC}
	EndGlobalSection
EndGlobal
